
Microsoft Visual Studio Solution File, Format Version 12.00
# Visual Studio Version 17
VisualStudioVersion = 17.13.35825.156 d17.13
MinimumVisualStudioVersion = 10.0.40219.1
Project("{FAE04EC0-301F-11D3-BF4B-00C04F79EFBC}") = "WebApplication1", "WebApplication1\WebApplication1.csproj", "{FFAC4BA4-BFC4-46A5-AEE1-19EC5B48E9BA}"
EndProject
Global
	GlobalSection(SolutionConfigurationPlatforms) = preSolution
		Debug|Any CPU = Debug|Any CPU
		Release|Any CPU = Release|Any CPU
	EndGlobalSection
	GlobalSection(ProjectConfigurationPlatforms) = postSolution
		{FFAC4BA4-BFC4-46A5-AEE1-19EC5B48E9BA}.Debug|Any CPU.ActiveCfg = Debug|Any CPU
		{FFAC4BA4-BFC4-46A5-AEE1-19EC5B48E9BA}.Debug|Any CPU.Build.0 = Debug|Any CPU
		{FFAC4BA4-BFC4-46A5-AEE1-19EC5B48E9BA}.Release|Any CPU.ActiveCfg = Release|Any CPU
		{FFAC4BA4-BFC4-46A5-AEE1-19EC5B48E9BA}.Release|Any CPU.Build.0 = Release|Any CPU
	EndGlobalSection
	GlobalSection(SolutionProperties) = preSolution
		HideSolutionNode = FALSE
	EndGlobalSection
	GlobalSection(ExtensibilityGlobals) = postSolution
		SolutionGuid = {0B5DF9DA-B66B-4057-90A7-465EFD8297E9}
	EndGlobalSection
EndGlobal
